
Microsoft Visual Studio Solution File, Format Version 12.00
# Visual Studio Version 17
VisualStudioVersion = 17.4.33103.184
MinimumVisualStudioVersion = 10.0.40219.1
Project("{FAE04EC0-301F-11D3-BF4B-00C04F79EFBC}") = "KnowledgeCheckTwo", "KnowledgeCheckTwo.csproj", "{3BCF833E-13D0-459C-A9B1-9C8B6810E92C}"
EndProject
Global
	GlobalSection(SolutionConfigurationPlatforms) = preSolution
		Debug|Any CPU = Debug|Any CPU
		Release|Any CPU = Release|Any CPU
	EndGlobalSection
	GlobalSection(ProjectConfigurationPlatforms) = postSolution
		{3BCF833E-13D0-459C-A9B1-9C8B6810E92C}.Debug|Any CPU.ActiveCfg = Debug|Any CPU
		{3BCF833E-13D0-459C-A9B1-9C8B6810E92C}.Debug|Any CPU.Build.0 = Debug|Any CPU
		{3BCF833E-13D0-459C-A9B1-9C8B6810E92C}.Release|Any CPU.ActiveCfg = Release|Any CPU
		{3BCF833E-13D0-459C-A9B1-9C8B6810E92C}.Release|Any CPU.Build.0 = Release|Any CPU
	EndGlobalSection
	GlobalSection(SolutionProperties) = preSolution
		HideSolutionNode = FALSE
	EndGlobalSection
	GlobalSection(ExtensibilityGlobals) = postSolution
		SolutionGuid = {0016F8C9-B327-45FA-80BA-EBA846A0DA26}
	EndGlobalSection
EndGlobal
